
Microsoft Visual Studio Solution File, Format Version 12.00
# Visual Studio 2013
VisualStudioVersion = 12.0.31101.0
MinimumVisualStudioVersion = 10.0.40219.1
Project("{FAE04EC0-301F-11D3-BF4B-00C04F79EFBC}") = "Domashnee_zadanie_Pokataeva.ODataBackend", "ODataBackend/Domashnee_zadanie_Pokataeva.ODataBackend.csproj", "{45F2DE93-13AE-41C0-857C-83402EA41CFB}"
EndProject
Project("{FAE04EC0-301F-11D3-BF4B-00C04F79EFBC}") = "Domashnee_zadanie_Pokataeva.Objects", "Objects/Domashnee_zadanie_Pokataeva.Objects.csproj", "{311FA9B8-2AC6-4A2B-98DD-51548E1E1BEC}"
EndProject
Global
	GlobalSection(SolutionConfigurationPlatforms) = preSolution
Debug|Any CPU = Debug|Any CPU
Release|Any CPU = Release|Any CPU
	EndGlobalSection
	GlobalSection(ProjectConfigurationPlatforms) = postSolution
		{45F2DE93-13AE-41C0-857C-83402EA41CFB}.Debug|Any CPU.ActiveCfg = Debug|Any CPU
		{45F2DE93-13AE-41C0-857C-83402EA41CFB}.Debug|Any CPU.Build.0 = Debug|Any CPU
		{45F2DE93-13AE-41C0-857C-83402EA41CFB}.Release|Any CPU.ActiveCfg = Release|Any CPU
		{45F2DE93-13AE-41C0-857C-83402EA41CFB}.Release|Any CPU.Build.0 = Release|Any CPU
		{311FA9B8-2AC6-4A2B-98DD-51548E1E1BEC}.Debug|Any CPU.ActiveCfg = Debug|Any CPU
		{311FA9B8-2AC6-4A2B-98DD-51548E1E1BEC}.Debug|Any CPU.Build.0 = Debug|Any CPU
		{311FA9B8-2AC6-4A2B-98DD-51548E1E1BEC}.Release|Any CPU.ActiveCfg = Release|Any CPU
		{311FA9B8-2AC6-4A2B-98DD-51548E1E1BEC}.Release|Any CPU.Build.0 = Release|Any CPU
	EndGlobalSection
	GlobalSection(SolutionProperties) = preSolution
		HideSolutionNode = FALSE
	EndGlobalSection
EndGlobal
